
Microsoft Visual Studio Solution File, Format Version 12.00
# Visual Studio 15
VisualStudioVersion = 15.0.27428.2037
MinimumVisualStudioVersion = 10.0.40219.1
Project("{FAE04EC0-301F-11D3-BF4B-00C04F79EFBC}") = "Web Wallet Utility", "AddressTest\Web Wallet Utility.csproj", "{8768155B-6024-4D60-8600-C4232055AE24}"
EndProject
Project("{E24C65DC-7377-472B-9ABA-BC803B73C61A}") = "www", "..\..\..\..\..\wamp\www\", "{C3D8D45F-16FD-4FE0-B123-07558EFDBFB2}"
	ProjectSection(WebsiteProperties) = preProject
		TargetFrameworkMoniker = ".NETFramework,Version%3Dv4.0"
		Debug.AspNetCompiler.VirtualPath = "/localhost_51023"
		Debug.AspNetCompiler.PhysicalPath = "..\..\..\..\..\wamp\www\"
		Debug.AspNetCompiler.TargetPath = "PrecompiledWeb\localhost_51023\"
		Debug.AspNetCompiler.Updateable = "true"
		Debug.AspNetCompiler.ForceOverwrite = "true"
		Debug.AspNetCompiler.FixedNames = "false"
		Debug.AspNetCompiler.Debug = "True"
		Release.AspNetCompiler.VirtualPath = "/localhost_51023"
		Release.AspNetCompiler.PhysicalPath = "..\..\..\..\..\wamp\www\"
		Release.AspNetCompiler.TargetPath = "PrecompiledWeb\localhost_51023\"
		Release.AspNetCompiler.Updateable = "true"
		Release.AspNetCompiler.ForceOverwrite = "true"
		Release.AspNetCompiler.FixedNames = "false"
		Release.AspNetCompiler.Debug = "False"
		VWDPort = "51023"
		SlnRelativePath = "..\..\..\..\..\wamp\www\"
	EndProjectSection
EndProject
Project("{2150E333-8FDC-42A3-9474-1A3956D46DE8}") = "Solution Items", "Solution Items", "{EDFB9FA4-CC5C-4F8D-B906-F43C23F821FA}"
	ProjectSection(SolutionItems) = preProject
		Database Setup.sql = Database Setup.sql
	EndProjectSection
EndProject
Global
	GlobalSection(SolutionConfigurationPlatforms) = preSolution
		Debug|Any CPU = Debug|Any CPU
		Release|Any CPU = Release|Any CPU
	EndGlobalSection
	GlobalSection(ProjectConfigurationPlatforms) = postSolution
		{8768155B-6024-4D60-8600-C4232055AE24}.Debug|Any CPU.ActiveCfg = Debug|Any CPU
		{8768155B-6024-4D60-8600-C4232055AE24}.Debug|Any CPU.Build.0 = Debug|Any CPU
		{8768155B-6024-4D60-8600-C4232055AE24}.Release|Any CPU.ActiveCfg = Release|Any CPU
		{8768155B-6024-4D60-8600-C4232055AE24}.Release|Any CPU.Build.0 = Release|Any CPU
		{C3D8D45F-16FD-4FE0-B123-07558EFDBFB2}.Debug|Any CPU.ActiveCfg = Debug|Any CPU
		{C3D8D45F-16FD-4FE0-B123-07558EFDBFB2}.Debug|Any CPU.Build.0 = Debug|Any CPU
		{C3D8D45F-16FD-4FE0-B123-07558EFDBFB2}.Release|Any CPU.ActiveCfg = Debug|Any CPU
		{C3D8D45F-16FD-4FE0-B123-07558EFDBFB2}.Release|Any CPU.Build.0 = Debug|Any CPU
	EndGlobalSection
	GlobalSection(SolutionProperties) = preSolution
		HideSolutionNode = FALSE
	EndGlobalSection
	GlobalSection(ExtensibilityGlobals) = postSolution
		SolutionGuid = {C739F5BC-11D0-43F1-82DB-3D1878C4C4D1}
	EndGlobalSection
EndGlobal
